
Microsoft Visual Studio Solution File, Format Version 12.00
# Visual Studio 15
VisualStudioVersion = 15.0.27130.2024
MinimumVisualStudioVersion = 10.0.40219.1
Project("{FAE04EC0-301F-11D3-BF4B-00C04F79EFBC}") = "CustomAttributePractice", "CustomAttributePractice\CustomAttributePractice.csproj", "{A56E3263-4540-438A-9828-095A2C0C9CAD}"
EndProject
Global
	GlobalSection(SolutionConfigurationPlatforms) = preSolution
		Debug|Any CPU = Debug|Any CPU
		Release|Any CPU = Release|Any CPU
	EndGlobalSection
	GlobalSection(ProjectConfigurationPlatforms) = postSolution
		{A56E3263-4540-438A-9828-095A2C0C9CAD}.Debug|Any CPU.ActiveCfg = Debug|Any CPU
		{A56E3263-4540-438A-9828-095A2C0C9CAD}.Debug|Any CPU.Build.0 = Debug|Any CPU
		{A56E3263-4540-438A-9828-095A2C0C9CAD}.Release|Any CPU.ActiveCfg = Release|Any CPU
		{A56E3263-4540-438A-9828-095A2C0C9CAD}.Release|Any CPU.Build.0 = Release|Any CPU
	EndGlobalSection
	GlobalSection(SolutionProperties) = preSolution
		HideSolutionNode = FALSE
	EndGlobalSection
	GlobalSection(ExtensibilityGlobals) = postSolution
		SolutionGuid = {931F48F3-236B-42D7-AB04-C31E603A6A0D}
	EndGlobalSection
EndGlobal
